{
  "name": "lecture_11",
  "version": "1.0.0",
  "lockfileVersion": 1,
  "requires": true,
  "dependencies": {
    "@types/lodash": {
      "version": "4.14.175",
      "resolved": "https://registry.npmjs.org/@types/lodash/-/lodash-4.14.175.tgz",
      "integrity": "sha512-XmdEOrKQ8a1Y/yxQFOMbC47G/V2VDO1GvMRnl4O75M4GW/abC5tnfzadQYkqEveqRM1dEJGFFegfPNA2vvx2iw==",
      "dev": true
    },
    "delay": {
      "version": "5.0.0",
      "resolved": "https://registry.npmjs.org/delay/-/delay-5.0.0.tgz",
      "integrity": "sha512-ReEBKkIfe4ya47wlPYf/gu5ib6yUG0/Aez0JQZQz94kiWtRQvZIQbTiehsnwHvLSWJnQdhVeqYue7Id1dKr0qw=="
    },
    "eventemitter3": {
      "version": "4.0.7",
      "resolved": "https://registry.npmjs.org/eventemitter3/-/eventemitter3-4.0.7.tgz",
      "integrity": "sha512-8guHBZCwKnFhYdHr2ysuRWErTwhoN2X8XELRlrRwpmfeY2jjuUN4taQMsULKUVo1K4DvZl+0pgfyoysHxvmvEw=="
    },
    "lodash": {
      "version": "4.17.21",
      "resolved": "https://registry.npmjs.org/lodash/-/lodash-4.17.21.tgz",
      "integrity": "sha512-v2kDEe57lecTulaDIuNTPy3Ry4gLGJ6Z1O3vE1krgXZNrsQ+LFTGHVxVjcXPs17LhbZVGedAJv8XZ1tvj5FvSg=="
    },
    "p-queue": {
      "version": "7.1.0",
      "resolved": "https://registry.npmjs.org/p-queue/-/p-queue-7.1.0.tgz",
      "integrity": "sha512-V+0vPJbhYkBqknPp0qnaz+dWcj8cNepfXZcsVIVEHPbFQXMPwrzCNIiM4FoxGtwHXtPzVCPHDvqCr1YrOJX2Gw==",
      "requires": {
        "eventemitter3": "^4.0.7",
        "p-timeout": "^5.0.0"
      }
    },
    "p-timeout": {
      "version": "5.0.1",
      "resolved": "https://registry.npmjs.org/p-timeout/-/p-timeout-5.0.1.tgz",
      "integrity": "sha512-iIxgiUu9dGmC9y234OT0scvFEoH/RZdslZrNJP/50wIg4ufqQlFv5DddQQ62kZ9ZAxS0cfwMu3Ewf98Oe6QlGg=="
    },
    "typescript": {
      "version": "4.4.3",
      "resolved": "https://registry.npmjs.org/typescript/-/typescript-4.4.3.tgz",
      "integrity": "sha512-4xfscpisVgqqDfPaJo5vkd+Qd/ItkoagnHpufr+i2QCHBsNYp+G7UAoyFl8aPtx879u38wPV65rZ8qbGZijalA=="
    }
  }
}
